{
  "name": "ai-agent-js-v2",
  "version": "0.1.0",
  "lockfileVersion": 3,
  "requires": true,
  "packages": {
    "": {
      "name": "ai-agent-js-v2",
      "version": "0.1.0",
      "dependencies": {
        "@inquirer/prompts": "^8.4.3",
        "dotenv": "^17.4.2",
        "lowdb": "^7.0.1",
        "openai": "^6.38.0"
      },
      "engines": {
        "node": ">=22.0.0"
      }
    },
    "node_modules/@inquirer/ansi": {
      "version": "2.0.5",
      "resolved": "https://registry.npmjs.org/@inquirer/ansi/-/ansi-2.0.5.tgz",
      "integrity": "sha512-doc2sWgJpbFQ64UflSVd17ibMGDuxO1yKgOgLMwavzESnXjFWJqUeG8saYosqKpHp4kWiM5x1nXvEjbpx90gzw==",
      "license": "MIT",
      "engines": {
        "node": ">=23.5.0 || ^22.13.0 || ^21.7.0 || ^20.12.0"
      }
    },
    "node_modules/@inquirer/checkbox": {
      "version": "5.1.5",
      "resolved": "https://registry.npmjs.org/@inquirer/checkbox/-/checkbox-5.1.5.tgz",
      "integrity": "sha512-Jmf9tgBHIEK5SAOB7swYfStqmtkZb00xOTpSQmkoGEpdxOTpJi9RS0A8bkfDPHTTItZRJrRdZrEMu25wyj0VfQ==",
      "license": "MIT",
      "dependencies": {
        "@inquirer/ansi": "^2.0.5",
        "@inquirer/core": "^11.1.10",
        "@inquirer/figures": "^2.0.5",
        "@inquirer/type": "^4.0.5"
      },
      "engines": {
        "node": ">=23.5.0 || ^22.13.0 || ^21.7.0 || ^20.12.0"
      },
      "peerDependencies": {
        "@types/node": ">=18"
      },
      "peerDependenciesMeta": {
        "@types/node": {
          "optional": true
        }
      }
    },
    "node_modules/@inquirer/confirm": {
      "version": "6.0.13",
      "resolved": "https://registry.npmjs.org/@inquirer/confirm/-/confirm-6.0.13.tgz",
      "integrity": "sha512-wkGPC7yJ5WJk1DJ5SX7fzk+gfj4BM8cf5dDDi71B/551xHrdsZVRJOC0WyikXd0pEsb/9cLniuE4atbsMqmFkw==",
      "license": "MIT",
      "dependencies": {
        "@inquirer/core": "^11.1.10",
        "@inquirer/type": "^4.0.5"
      },
      "engines": {
        "node": ">=23.5.0 || ^22.13.0 || ^21.7.0 || ^20.12.0"
      },
      "peerDependencies": {
        "@types/node": ">=18"
      },
      "peerDependenciesMeta": {
        "@types/node": {
          "optional": true
        }
      }
    },
    "node_modules/@inquirer/core": {
      "version": "11.1.10",
      "resolved": "https://registry.npmjs.org/@inquirer/core/-/core-11.1.10.tgz",
      "integrity": "sha512-a4Q5BXHQAHa9eO202sTaFCHFYVB3x5fauDuThEAdZ9gfn76pSxiKU7wWcEH0N1O0XmQvNfQNU6QXpiRxmYQx+A==",
      "license": "MIT",
      "dependencies": {
        "@inquirer/ansi": "^2.0.5",
        "@inquirer/figures": "^2.0.5",
        "@inquirer/type": "^4.0.5",
        "cli-width": "^4.1.0",
        "fast-wrap-ansi": "^0.2.0",
        "mute-stream": "^3.0.0",
        "signal-exit": "^4.1.0"
      },
      "engines": {
        "node": ">=23.5.0 || ^22.13.0 || ^21.7.0 || ^20.12.0"
      },
      "peerDependencies": {
        "@types/node": ">=18"
      },
      "peerDependenciesMeta": {
        "@types/node": {
          "optional": true
        }
      }
    },
    "node_modules/@inquirer/editor": {
      "version": "5.1.2",
      "resolved": "https://registry.npmjs.org/@inquirer/editor/-/editor-5.1.2.tgz",
      "integrity": "sha512-Y3Nor7S/DhIPo+8Ym/dSY4efwKI4BsflKDwXh0jNeXJsSF3dteS/3Yf+z4wkibVZDvYMyCgknSTQlNahfunGHg==",
      "license": "MIT",
      "dependencies": {
        "@inquirer/core": "^11.1.10",
        "@inquirer/external-editor": "^3.0.0",
        "@inquirer/type": "^4.0.5"
      },
      "engines": {
        "node": ">=23.5.0 || ^22.13.0 || ^21.7.0 || ^20.12.0"
      },
      "peerDependencies": {
        "@types/node": ">=18"
      },
      "peerDependenciesMeta": {
        "@types/node": {
          "optional": true
        }
      }
    },
    "node_modules/@inquirer/expand": {
      "version": "5.0.14",
      "resolved": "https://registry.npmjs.org/@inquirer/expand/-/expand-5.0.14.tgz",
      "integrity": "sha512-qyY9zcIX2eKYwaAUiQo9zORd61Lc3sXeM72fVbeHkYnDkqfr8/armcRbmVAIrExeJhI2puk+uomeKtWrpUVUmQ==",
      "license": "MIT",
      "dependencies": {
        "@inquirer/core": "^11.1.10",
        "@inquirer/type": "^4.0.5"
      },
      "engines": {
        "node": ">=23.5.0 || ^22.13.0 || ^21.7.0 || ^20.12.0"
      },
      "peerDependencies": {
        "@types/node": ">=18"
      },
      "peerDependenciesMeta": {
        "@types/node": {
          "optional": true
        }
      }
    },
    "node_modules/@inquirer/external-editor": {
      "version": "3.0.0",
      "resolved": "https://registry.npmjs.org/@inquirer/external-editor/-/external-editor-3.0.0.tgz",
      "integrity": "sha512-lDSwMgg+M5rq6JKBYaJwSX6T9e/HK2qqZ1oxmOwn4AQoJE5D+7TumsxLGC02PWS//rkIVqbZv3XA3ejsc9FYvg==",
      "license": "MIT",
      "dependencies": {
        "chardet": "^2.1.1",
        "iconv-lite": "^0.7.2"
      },
      "engines": {
        "node": ">=23.5.0 || ^22.13.0 || ^21.7.0 || ^20.12.0"
      },
      "peerDependencies": {
        "@types/node": ">=18"
      },
      "peerDependenciesMeta": {
        "@types/node": {
          "optional": true
        }
      }
    },
    "node_modules/@inquirer/figures": {
      "version": "2.0.5",
      "resolved": "https://registry.npmjs.org/@inquirer/figures/-/figures-2.0.5.tgz",
      "integrity": "sha512-NsSs4kzfm12lNetHwAn3GEuH317IzpwrMCbOuMIVytpjnJ90YYHNwdRgYGuKmVxwuIqSgqk3M5qqQt1cDk0tGQ==",
      "license": "MIT",
      "engines": {
        "node": ">=23.5.0 || ^22.13.0 || ^21.7.0 || ^20.12.0"
      }
    },
    "node_modules/@inquirer/input": {
      "version": "5.0.13",
      "resolved": "https://registry.npmjs.org/@inquirer/input/-/input-5.0.13.tgz",
      "integrity": "sha512-0l0jCHlJnXIV8CTxwQC0C+5Ziq8WP22edWgmciW2xYvoeoSck4v5FvCS1ctKdqLLR0dUo93uAHgWHywgBSoRyw==",
      "license": "MIT",
      "dependencies": {
        "@inquirer/core": "^11.1.10",
        "@inquirer/type": "^4.0.5"
      },
      "engines": {
        "node": ">=23.5.0 || ^22.13.0 || ^21.7.0 || ^20.12.0"
      },
      "peerDependencies": {
        "@types/node": ">=18"
      },
      "peerDependenciesMeta": {
        "@types/node": {
          "optional": true
        }
      }
    },
    "node_modules/@inquirer/number": {
      "version": "4.0.13",
      "resolved": "https://registry.npmjs.org/@inquirer/number/-/number-4.0.13.tgz",
      "integrity": "sha512-WHmkYnnJAou5gx7RgcvAfUggnHNM1zWfoh0dFPl3dxVssuqt+dK5rIbaOYQXNyOegvFnopbKupjnhw2O8gANNg==",
      "license": "MIT",
      "dependencies": {
        "@inquirer/core": "^11.1.10",
        "@inquirer/type": "^4.0.5"
      },
      "engines": {
        "node": ">=23.5.0 || ^22.13.0 || ^21.7.0 || ^20.12.0"
      },
      "peerDependencies": {
        "@types/node": ">=18"
      },
      "peerDependenciesMeta": {
        "@types/node": {
          "optional": true
        }
      }
    },
    "node_modules/@inquirer/password": {
      "version": "5.0.13",
      "resolved": "https://registry.npmjs.org/@inquirer/password/-/password-5.0.13.tgz",
      "integrity": "sha512-XDGu64ROHZjOOXLAANvJN7iIxWKhOSCG5VakrZ5kaScVR+snVJCFglD/hL3/677awtWcu4pXoWa280CDIYcBeg==",
      "license": "MIT",
      "dependencies": {
        "@inquirer/ansi": "^2.0.5",
        "@inquirer/core": "^11.1.10",
        "@inquirer/type": "^4.0.5"
      },
      "engines": {
        "node": ">=23.5.0 || ^22.13.0 || ^21.7.0 || ^20.12.0"
      },
      "peerDependencies": {
        "@types/node": ">=18"
      },
      "peerDependenciesMeta": {
        "@types/node": {
          "optional": true
        }
      }
    },
    "node_modules/@inquirer/prompts": {
      "version": "8.4.3",
      "resolved": "https://registry.npmjs.org/@inquirer/prompts/-/prompts-8.4.3.tgz",
      "integrity": "sha512-ai5LseTw9HhegupIgmo4cn7RpnCGznjjXu4OI+7jMR8vu7T1ZCCNMzFFAovUCjL1fl0cceksIN1++yQE59SmZw==",
      "license": "MIT",
      "dependencies": {
        "@inquirer/checkbox": "^5.1.5",
        "@inquirer/confirm": "^6.0.13",
        "@inquirer/editor": "^5.1.2",
        "@inquirer/expand": "^5.0.14",
        "@inquirer/input": "^5.0.13",
        "@inquirer/number": "^4.0.13",
        "@inquirer/password": "^5.0.13",
        "@inquirer/rawlist": "^5.2.9",
        "@inquirer/search": "^4.1.9",
        "@inquirer/select": "^5.1.5"
      },
      "engines": {
        "node": ">=23.5.0 || ^22.13.0 || ^21.7.0 || ^20.12.0"
      },
      "peerDependencies": {
        "@types/node": ">=18"
      },
      "peerDependenciesMeta": {
        "@types/node": {
          "optional": true
        }
      }
    },
    "node_modules/@inquirer/rawlist": {
      "version": "5.2.9",
      "resolved": "https://registry.npmjs.org/@inquirer/rawlist/-/rawlist-5.2.9.tgz",
      "integrity": "sha512-a1ErXEfgjfPYpyQ89dp+7n2IISjH9oQg3ygvF5adz8B7aHn4n2PjEgu1wpVTp69K3bj3lVLxP0qJ2b1clk1Whw==",
      "license": "MIT",
      "dependencies": {
        "@inquirer/core": "^11.1.10",
        "@inquirer/type": "^4.0.5"
      },
      "engines": {
        "node": ">=23.5.0 || ^22.13.0 || ^21.7.0 || ^20.12.0"
      },
      "peerDependencies": {
        "@types/node": ">=18"
      },
      "peerDependenciesMeta": {
        "@types/node": {
          "optional": true
        }
      }
    },
    "node_modules/@inquirer/search": {
      "version": "4.1.9",
      "resolved": "https://registry.npmjs.org/@inquirer/search/-/search-4.1.9.tgz",
      "integrity": "sha512-ZlbM28Q9lmLkFPNAIv+ZuY530n5Km8U1WW48oYEvDhe9yc2uL3m3t+JSdRUkQlk5fuIuskgiIVjcb7czFzQpuA==",
      "license": "MIT",
      "dependencies": {
        "@inquirer/core": "^11.1.10",
        "@inquirer/figures": "^2.0.5",
        "@inquirer/type": "^4.0.5"
      },
      "engines": {
        "node": ">=23.5.0 || ^22.13.0 || ^21.7.0 || ^20.12.0"
      },
      "peerDependencies": {
        "@types/node": ">=18"
      },
      "peerDependenciesMeta": {
        "@types/node": {
          "optional": true
        }
      }
    },
    "node_modules/@inquirer/select": {
      "version": "5.1.5",
      "resolved": "https://registry.npmjs.org/@inquirer/select/-/select-5.1.5.tgz",
      "integrity": "sha512-6SRg6kHfK/sjLXOsuqNebuir+sjwrf/iWuRUnXgB2slzEewppI1WfzeS16XxDcOQmXBruMmmB9Cgrz7wsAxqMg==",
      "license": "MIT",
      "dependencies": {
        "@inquirer/ansi": "^2.0.5",
        "@inquirer/core": "^11.1.10",
        "@inquirer/figures": "^2.0.5",
        "@inquirer/type": "^4.0.5"
      },
      "engines": {
        "node": ">=23.5.0 || ^22.13.0 || ^21.7.0 || ^20.12.0"
      },
      "peerDependencies": {
        "@types/node": ">=18"
      },
      "peerDependenciesMeta": {
        "@types/node": {
          "optional": true
        }
      }
    },
    "node_modules/@inquirer/type": {
      "version": "4.0.5",
      "resolved": "https://registry.npmjs.org/@inquirer/type/-/type-4.0.5.tgz",
      "integrity": "sha512-aetVUNeKNc/VriqXlw1NRSW0zhMBB0W4bNbWRJgzRl/3d0QNDQFfk0GO5SDdtjMZVg6o8ZKEiadd7SCCzoOn5Q==",
      "license": "MIT",
      "engines": {
        "node": ">=23.5.0 || ^22.13.0 || ^21.7.0 || ^20.12.0"
      },
      "peerDependencies": {
        "@types/node": ">=18"
      },
      "peerDependenciesMeta": {
        "@types/node": {
          "optional": true
        }
      }
    },
    "node_modules/chardet": {
      "version": "2.1.1",
      "resolved": "https://registry.npmjs.org/chardet/-/chardet-2.1.1.tgz",
      "integrity": "sha512-PsezH1rqdV9VvyNhxxOW32/d75r01NY7TQCmOqomRo15ZSOKbpTFVsfjghxo6JloQUCGnH4k1LGu0R4yCLlWQQ==",
      "license": "MIT"
    },
    "node_modules/cli-width": {
      "version": "4.1.0",
      "resolved": "https://registry.npmjs.org/cli-width/-/cli-width-4.1.0.tgz",
      "integrity": "sha512-ouuZd4/dm2Sw5Gmqy6bGyNNNe1qt9RpmxveLSO7KcgsTnU7RXfsw+/bukWGo1abgBiMAic068rclZsO4IWmmxQ==",
      "license": "ISC",
      "engines": {
        "node": ">= 12"
      }
    },
    "node_modules/dotenv": {
      "version": "17.4.2",
      "resolved": "https://registry.npmjs.org/dotenv/-/dotenv-17.4.2.tgz",
      "integrity": "sha512-nI4U3TottKAcAD9LLud4Cb7b2QztQMUEfHbvhTH09bqXTxnSie8WnjPALV/WMCrJZ6UV/qHJ6L03OqO3LcdYZw==",
      "license": "BSD-2-Clause",
      "engines": {
        "node": ">=12"
      },
      "funding": {
        "url": "https://dotenvx.com"
      }
    },
    "node_modules/fast-string-truncated-width": {
      "version": "3.0.3",
      "resolved": "https://registry.npmjs.org/fast-string-truncated-width/-/fast-string-truncated-width-3.0.3.tgz",
      "integrity": "sha512-0jjjIEL6+0jag3l2XWWizO64/aZVtpiGE3t0Zgqxv0DPuxiMjvB3M24fCyhZUO4KomJQPj3LTSUnDP3GpdwC0g==",
      "license": "MIT"
    },
    "node_modules/fast-string-width": {
      "version": "3.0.2",
      "resolved": "https://registry.npmjs.org/fast-string-width/-/fast-string-width-3.0.2.tgz",
      "integrity": "sha512-gX8LrtNEI5hq8DVUfRQMbr5lpaS4nMIWV+7XEbXk2b8kiQIizgnlr12B4dA3ZEx3308ze0O4Q1R+cHts8kyUJg==",
      "license": "MIT",
      "dependencies": {
        "fast-string-truncated-width": "^3.0.2"
      }
    },
    "node_modules/fast-wrap-ansi": {
      "version": "0.2.2",
      "resolved": "https://registry.npmjs.org/fast-wrap-ansi/-/fast-wrap-ansi-0.2.2.tgz",
      "integrity": "sha512-7F2Fl+TjRSenLqlU3UjSH0iyqopqoZIu7eZVpEirP2g1GtWa2G/ecEmBdgz31+Mxr+ELclgg6sokpSFIQiZ02Q==",
      "license": "MIT",
      "dependencies": {
        "fast-string-width": "^3.0.2"
      }
    },
    "node_modules/iconv-lite": {
      "version": "0.7.2",
      "resolved": "https://registry.npmjs.org/iconv-lite/-/iconv-lite-0.7.2.tgz",
      "integrity": "sha512-im9DjEDQ55s9fL4EYzOAv0yMqmMBSZp6G0VvFyTMPKWxiSBHUj9NW/qqLmXUwXrrM7AvqSlTCfvqRb0cM8yYqw==",
      "license": "MIT",
      "dependencies": {
        "safer-buffer": ">= 2.1.2 < 3.0.0"
      },
      "engines": {
        "node": ">=0.10.0"
      },
      "funding": {
        "type": "opencollective",
        "url": "https://opencollective.com/express"
      }
    },
    "node_modules/lowdb": {
      "version": "7.0.1",
      "resolved": "https://registry.npmjs.org/lowdb/-/lowdb-7.0.1.tgz",
      "integrity": "sha512-neJAj8GwF0e8EpycYIDFqEPcx9Qz4GUho20jWFR7YiFeXzF1YMLdxB36PypcTSPMA+4+LvgyMacYhlr18Zlymw==",
      "license": "MIT",
      "dependencies": {
        "steno": "^4.0.2"
      },
      "engines": {
        "node": ">=18"
      },
      "funding": {
        "url": "https://github.com/sponsors/typicode"
      }
    },
    "node_modules/mute-stream": {
      "version": "3.0.0",
      "resolved": "https://registry.npmjs.org/mute-stream/-/mute-stream-3.0.0.tgz",
      "integrity": "sha512-dkEJPVvun4FryqBmZ5KhDo0K9iDXAwn08tMLDinNdRBNPcYEDiWYysLcc6k3mjTMlbP9KyylvRpd4wFtwrT9rw==",
      "license": "ISC",
      "engines": {
        "node": "^20.17.0 || >=22.9.0"
      }
    },
    "node_modules/openai": {
      "version": "6.38.0",
      "resolved": "https://registry.npmjs.org/openai/-/openai-6.38.0.tgz",
      "integrity": "sha512-AoMplt2UalrpgUDMh3L09QWjNRlgJPipclQvA6sYAaeF6nHNBMgmikAZGmcYLn8on4d9sQY9Q8bOLfrBS7Lc8g==",
      "license": "Apache-2.0",
      "bin": {
        "openai": "bin/cli"
      },
      "peerDependencies": {
        "ws": "^8.18.0",
        "zod": "^3.25 || ^4.0"
      },
      "peerDependenciesMeta": {
        "ws": {
          "optional": true
        },
        "zod": {
          "optional": true
        }
      }
    },
    "node_modules/safer-buffer": {
      "version": "2.1.2",
      "resolved": "https://registry.npmjs.org/safer-buffer/-/safer-buffer-2.1.2.tgz",
      "integrity": "sha512-YZo3K82SD7Riyi0E1EQPojLz7kpepnSQI9IyPbHHg1XXXevb5dJI7tpyN2ADxGcQbHG7vcyRHk0cbwqcQriUtg==",
      "license": "MIT"
    },
    "node_modules/signal-exit": {
      "version": "4.1.0",
      "resolved": "https://registry.npmjs.org/signal-exit/-/signal-exit-4.1.0.tgz",
      "integrity": "sha512-bzyZ1e88w9O1iNJbKnOlvYTrWPDl46O1bG0D3XInv+9tkPrxrN8jUUTiFlDkkmKWgn1M6CfIA13SuGqOa9Korw==",
      "license": "ISC",
      "engines": {
        "node": ">=14"
      },
      "funding": {
        "url": "https://github.com/sponsors/isaacs"
      }
    },
    "node_modules/steno": {
      "version": "4.0.2",
      "resolved": "https://registry.npmjs.org/steno/-/steno-4.0.2.tgz",
      "integrity": "sha512-yhPIQXjrlt1xv7dyPQg2P17URmXbuM5pdGkpiMB3RenprfiBlvK415Lctfe0eshk90oA7/tNq7WEiMK8RSP39A==",
      "license": "MIT",
      "engines": {
        "node": ">=18"
      },
      "funding": {
        "url": "https://github.com/sponsors/typicode"
      }
    }
  }
}
